// !$*UTF8*$!
{
	archiveVersion = 1;
	classes = {
	};
	objectVersion = 46;
	objects = {

/* Begin PBXBuildFile section */
		4932615F1E7A43350080795D /* AppDelegate.swift in Sources */ = {isa = PBXBuildFile; fileRef = 4932615E1E7A43350080795D /* AppDelegate.swift */; };
		493261611E7A43350080795D /* WebViewController.swift in Sources */ = {isa = PBXBuildFile; fileRef = 493261601E7A43350080795D /* WebViewController.swift */; };
		493261641E7A43350080795D /* Main.storyboard in Resources */ = {isa = PBXBuildFile; fileRef = 493261621E7A43350080795D /* Main.storyboard */; };
		493261661E7A43350080795D /* Assets.xcassets in Resources */ = {isa = PBXBuildFile; fileRef = 493261651E7A43350080795D /* Assets.xcassets */; };
		493261691E7A43350080795D /* LaunchScreen.storyboard in Resources */ = {isa = PBXBuildFile; fileRef = 493261671E7A43350080795D /* LaunchScreen.storyboard */; };
		495807251E815147003DDB4C /* GCDBlackBox.swift in Sources */ = {isa = PBXBuildFile; fileRef = 495807241E815147003DDB4C /* GCDBlackBox.swift */; };
		4972F0171E7E203900139332 /* MainTabbarController.swift in Sources */ = {isa = PBXBuildFile; fileRef = 4972F0161E7E203900139332 /* MainTabbarController.swift */; };
		49B328B11E7EC56F00DB2AE0 /* GitHubOAuth.swift in Sources */ = {isa = PBXBuildFile; fileRef = 49B328B01E7EC56F00DB2AE0 /* GitHubOAuth.swift */; };
		49B328B31E7EC70300DB2AE0 /* Constant.swift in Sources */ = {isa = PBXBuildFile; fileRef = 49B328B21E7EC70300DB2AE0 /* Constant.swift */; };
		49DAF5DD1E7D89BF007CCDEB /* LoginViewController.swift in Sources */ = {isa = PBXBuildFile; fileRef = 49DAF5DC1E7D89BF007CCDEB /* LoginViewController.swift */; };
		DC540A43A7C7B9F75BFC1F1C /* Pods_CommitPic.framework in Frameworks */ = {isa = PBXBuildFile; fileRef = A300B9DC6B5652BBF7FA2D73 /* Pods_CommitPic.framework */; };
/* End PBXBuildFile section */

/* Begin PBXFileReference section */
		4932615B1E7A43350080795D /* CommitPic.app */ = {isa = PBXFileReference; explicitFileType = wrapper.application; includeInIndex = 0; path = CommitPic.app; sourceTree = BUILT_PRODUCTS_DIR; };
		4932615E1E7A43350080795D /* AppDelegate.swift */ = {isa = PBXFileReference; lastKnownFileType = sourcecode.swift; path = AppDelegate.swift; sourceTree = "<group>"; };
		493261601E7A43350080795D /* WebViewController.swift */ = {isa = PBXFileReference; lastKnownFileType = sourcecode.swift; path = WebViewController.swift; sourceTree = "<group>"; };
		493261631E7A43350080795D /* Base */ = {isa = PBXFileReference; lastKnownFileType = file.storyboard; name = Base; path = Base.lproj/Main.storyboard; sourceTree = "<group>"; };
		493261651E7A43350080795D /* Assets.xcassets */ = {isa = PBXFileReference; lastKnownFileType = folder.assetcatalog; path = Assets.xcassets; sourceTree = "<group>"; };
		493261681E7A43350080795D /* Base */ = {isa = PBXFileReference; lastKnownFileType = file.storyboard; name = Base; path = Base.lproj/LaunchScreen.storyboard; sourceTree = "<group>"; };
		4932616A1E7A43350080795D /* Info.plist */ = {isa = PBXFileReference; lastKnownFileType = text.plist.xml; path = Info.plist; sourceTree = "<group>"; };
		495807241E815147003DDB4C /* GCDBlackBox.swift */ = {isa = PBXFileReference; fileEncoding = 4; lastKnownFileType = sourcecode.swift; name = GCDBlackBox.swift; path = util/GCDBlackBox.swift; sourceTree = "<group>"; };
		4972F0161E7E203900139332 /* MainTabbarController.swift */ = {isa = PBXFileReference; fileEncoding = 4; lastKnownFileType = sourcecode.swift; name = MainTabbarController.swift; path = viewcontrollers/MainTabbarController.swift; sourceTree = "<group>"; };
		49B328B01E7EC56F00DB2AE0 /* GitHubOAuth.swift */ = {isa = PBXFileReference; fileEncoding = 4; lastKnownFileType = sourcecode.swift; name = GitHubOAuth.swift; path = networks/GitHubOAuth.swift; sourceTree = "<group>"; };
		49B328B21E7EC70300DB2AE0 /* Constant.swift */ = {isa = PBXFileReference; fileEncoding = 4; lastKnownFileType = sourcecode.swift; name = Constant.swift; path = networks/Constant.swift; sourceTree = "<group>"; };
		49DAF5DC1E7D89BF007CCDEB /* LoginViewController.swift */ = {isa = PBXFileReference; fileEncoding = 4; lastKnownFileType = sourcecode.swift; name = LoginViewController.swift; path = viewcontrollers/LoginViewController.swift; sourceTree = "<group>"; };
		7F49932489F8ED9620FE4A00 /* Pods-CommitPic.release.xcconfig */ = {isa = PBXFileReference; includeInIndex = 1; lastKnownFileType = text.xcconfig; name = "Pods-CommitPic.release.xcconfig"; path = "Pods/Target Support Files/Pods-CommitPic/Pods-CommitPic.release.xcconfig"; sourceTree = "<group>"; };
		84EFE58A2AD4E1B3F6CBC690 /* Pods-CommitPic.debug.xcconfig */ = {isa = PBXFileReference; includeInIndex = 1; lastKnownFileType = text.xcconfig; name = "Pods-CommitPic.debug.xcconfig"; path = "Pods/Target Support Files/Pods-CommitPic/Pods-CommitPic.debug.xcconfig"; sourceTree = "<group>"; };
		A300B9DC6B5652BBF7FA2D73 /* Pods_CommitPic.framework */ = {isa = PBXFileReference; explicitFileType = wrapper.framework; includeInIndex = 0; path = Pods_CommitPic.framework; sourceTree = BUILT_PRODUCTS_DIR; };
/* End PBXFileReference section */

/* Begin PBXFrameworksBuildPhase section */
		493261581E7A43350080795D /* Frameworks */ = {
			isa = PBXFrameworksBuildPhase;
			buildActionMask = 2147483647;
			files = (
				DC540A43A7C7B9F75BFC1F1C /* Pods_CommitPic.framework in Frameworks */,
			);
			runOnlyForDeploymentPostprocessing = 0;
		};
/* End PBXFrameworksBuildPhase section */

/* Begin PBXGroup section */
		493261521E7A43350080795D = {
			isa = PBXGroup;
			children = (
				4932615D1E7A43350080795D /* CommitPic */,
				4932615C1E7A43350080795D /* Products */,
				91691F9B27238DEA7D1C386A /* Pods */,
				718342EC5BDF4CF863732D33 /* Frameworks */,
			);
			sourceTree = "<group>";
		};
		4932615C1E7A43350080795D /* Products */ = {
			isa = PBXGroup;
			children = (
				4932615B1E7A43350080795D /* CommitPic.app */,
			);
			name = Products;
			sourceTree = "<group>";
		};
		4932615D1E7A43350080795D /* CommitPic */ = {
			isa = PBXGroup;
			children = (
				495807261E81514C003DDB4C /* Util */,
				49B328AF1E7EC54200DB2AE0 /* Networks */,
				49DAF5DB1E7D899A007CCDEB /* ViewControllers */,
				4932615E1E7A43350080795D /* AppDelegate.swift */,
				493261621E7A43350080795D /* Main.storyboard */,
				493261651E7A43350080795D /* Assets.xcassets */,
				493261671E7A43350080795D /* LaunchScreen.storyboard */,
				4932616A1E7A43350080795D /* Info.plist */,
			);
			path = CommitPic;
			sourceTree = "<group>";
		};
		495807261E81514C003DDB4C /* Util */ = {
			isa = PBXGroup;
			children = (
				495807241E815147003DDB4C /* GCDBlackBox.swift */,
			);
			name = Util;
			sourceTree = "<group>";
		};
		49B328AF1E7EC54200DB2AE0 /* Networks */ = {
			isa = PBXGroup;
			children = (
				49B328B01E7EC56F00DB2AE0 /* GitHubOAuth.swift */,
				49B328B21E7EC70300DB2AE0 /* Constant.swift */,
			);
			name = Networks;
			sourceTree = "<group>";
		};
		49DAF5DB1E7D899A007CCDEB /* ViewControllers */ = {
			isa = PBXGroup;
			children = (
				493261601E7A43350080795D /* WebViewController.swift */,
				49DAF5DC1E7D89BF007CCDEB /* LoginViewController.swift */,
				4972F0161E7E203900139332 /* MainTabbarController.swift */,
			);
			name = ViewControllers;
			sourceTree = "<group>";
		};
		718342EC5BDF4CF863732D33 /* Frameworks */ = {
			isa = PBXGroup;
			children = (
				A300B9DC6B5652BBF7FA2D73 /* Pods_CommitPic.framework */,
			);
			name = Frameworks;
			sourceTree = "<group>";
		};
		91691F9B27238DEA7D1C386A /* Pods */ = {
			isa = PBXGroup;
			children = (
				84EFE58A2AD4E1B3F6CBC690 /* Pods-CommitPic.debug.xcconfig */,
				7F49932489F8ED9620FE4A00 /* Pods-CommitPic.release.xcconfig */,
			);
			name = Pods;
			sourceTree = "<group>";
		};
/* End PBXGroup section */

/* Begin PBXNativeTarget section */
		4932615A1E7A43350080795D /* CommitPic */ = {
			isa = PBXNativeTarget;
			buildConfigurationList = 4932616D1E7A43350080795D /* Build configuration list for PBXNativeTarget "CommitPic" */;
			buildPhases = (
				41500549A53B30ACBF9939E0 /* [CP] Check Pods Manifest.lock */,
				2A6D6A1C0119DED0B7F47B7C /* [CP] Check Pods Manifest.lock */,
				493261571E7A43350080795D /* Sources */,
				493261581E7A43350080795D /* Frameworks */,
				493261591E7A43350080795D /* Resources */,
				2759A46A72A70B564F3847FE /* [CP] Embed Pods Frameworks */,
				EE58B0FF6E5CCDD1F2744E20 /* [CP] Copy Pods Resources */,
				E96B1B8C6456DD1CDB1E8A0E /* 📦 Embed Pods Frameworks */,
				DA725D93B1E0EB01EB49F27F /* 📦 Copy Pods Resources */,
			);
			buildRules = (
			);
			dependencies = (
			);
			name = CommitPic;
			productName = CommitPic;
			productReference = 4932615B1E7A43350080795D /* CommitPic.app */;
			productType = "com.apple.product-type.application";
		};
/* End PBXNativeTarget section */

/* Begin PBXProject section */
		493261531E7A43350080795D /* Project object */ = {
			isa = PBXProject;
			attributes = {
				LastSwiftUpdateCheck = 0820;
				LastUpgradeCheck = 0820;
				ORGANIZATIONNAME = Superbderrick;
				TargetAttributes = {
					4932615A1E7A43350080795D = {
						CreatedOnToolsVersion = 8.2.1;
						DevelopmentTeam = NZ7M7NUA6A;
						ProvisioningStyle = Automatic;
					};
				};
			};
			buildConfigurationList = 493261561E7A43350080795D /* Build configuration list for PBXProject "CommitPic" */;
			compatibilityVersion = "Xcode 3.2";
			developmentRegion = English;
			hasScannedForEncodings = 0;
			knownRegions = (
				en,
				Base,
			);
			mainGroup = 493261521E7A43350080795D;
			productRefGroup = 4932615C1E7A43350080795D /* Products */;
			projectDirPath = "";
			projectRoot = "";
			targets = (
				4932615A1E7A43350080795D /* CommitPic */,
			);
		};
/* End PBXProject section */

/* Begin PBXResourcesBuildPhase section */
		493261591E7A43350080795D /* Resources */ = {
			isa = PBXResourcesBuildPhase;
			buildActionMask = 2147483647;
			files = (
				493261691E7A43350080795D /* LaunchScreen.storyboard in Resources */,
				493261661E7A43350080795D /* Assets.xcassets in Resources */,
				493261641E7A43350080795D /* Main.storyboard in Resources */,
			);
			runOnlyForDeploymentPostprocessing = 0;
		};
/* End PBXResourcesBuildPhase section */

/* Begin PBXShellScriptBuildPhase section */
		2759A46A72A70B564F3847FE /* [CP] Embed Pods Frameworks */ = {
			isa = PBXShellScriptBuildPhase;
			buildActionMask = 2147483647;
			files = (
			);
			inputPaths = (
			);
			name = "[CP] Embed Pods Frameworks";
			outputPaths = (
			);
			runOnlyForDeploymentPostprocessing = 0;
			shellPath = /bin/sh;
			shellScript = "\"${SRCROOT}/Pods/Target Support Files/Pods-CommitPic/Pods-CommitPic-frameworks.sh\"\n";
			showEnvVarsInLog = 0;
		};
		2A6D6A1C0119DED0B7F47B7C /* [CP] Check Pods Manifest.lock */ = {
			isa = PBXShellScriptBuildPhase;
			buildActionMask = 2147483647;
			files = (
			);
			inputPaths = (
			);
			name = "[CP] Check Pods Manifest.lock";
			outputPaths = (
			);
			runOnlyForDeploymentPostprocessing = 0;
			shellPath = /bin/sh;
			shellScript = "diff \"${PODS_ROOT}/../Podfile.lock\" \"${PODS_ROOT}/Manifest.lock\" > /dev/null\nif [ $? != 0 ] ; then\n    # print error to STDERR\n    echo \"error: The sandbox is not in sync with the Podfile.lock. Run 'pod install' or update your CocoaPods installation.\" >&2\n    exit 1\nfi\n";
			showEnvVarsInLog = 0;
		};
		41500549A53B30ACBF9939E0 /* [CP] Check Pods Manifest.lock */ = {
			isa = PBXShellScriptBuildPhase;
			buildActionMask = 2147483647;
			files = (
			);
			inputPaths = (
			);
			name = "[CP] Check Pods Manifest.lock";
			outputPaths = (
			);
			runOnlyForDeploymentPostprocessing = 0;
			shellPath = /bin/sh;
			shellScript = "diff \"${PODS_ROOT}/../Podfile.lock\" \"${PODS_ROOT}/Manifest.lock\" > /dev/null\nif [ $? != 0 ] ; then\n    # print error to STDERR\n    echo \"error: The sandbox is not in sync with the Podfile.lock. Run 'pod install' or update your CocoaPods installation.\" >&2\n    exit 1\nfi\n";
			showEnvVarsInLog = 0;
		};
		DA725D93B1E0EB01EB49F27F /* 📦 Copy Pods Resources */ = {
			isa = PBXShellScriptBuildPhase;
			buildActionMask = 2147483647;
			files = (
			);
			inputPaths = (
			);
			name = "📦 Copy Pods Resources";
			outputPaths = (
			);
			runOnlyForDeploymentPostprocessing = 0;
			shellPath = /bin/sh;
			shellScript = "\"${SRCROOT}/Pods/Target Support Files/Pods-CommitPic/Pods-CommitPic-resources.sh\"\n";
			showEnvVarsInLog = 0;
		};
		E96B1B8C6456DD1CDB1E8A0E /* 📦 Embed Pods Frameworks */ = {
			isa = PBXShellScriptBuildPhase;
			buildActionMask = 2147483647;
			files = (
			);
			inputPaths = (
			);
			name = "📦 Embed Pods Frameworks";
			outputPaths = (
			);
			runOnlyForDeploymentPostprocessing = 0;
			shellPath = /bin/sh;
			shellScript = "\"${SRCROOT}/Pods/Target Support Files/Pods-CommitPic/Pods-CommitPic-frameworks.sh\"\n";
			showEnvVarsInLog = 0;
		};
		EE58B0FF6E5CCDD1F2744E20 /* [CP] Copy Pods Resources */ = {
			isa = PBXShellScriptBuildPhase;
			buildActionMask = 2147483647;
			files = (
			);
			inputPaths = (
			);
			name = "[CP] Copy Pods Resources";
			outputPaths = (
			);
			runOnlyForDeploymentPostprocessing = 0;
			shellPath = /bin/sh;
			shellScript = "\"${SRCROOT}/Pods/Target Support Files/Pods-CommitPic/Pods-CommitPic-resources.sh\"\n";
			showEnvVarsInLog = 0;
		};
/* End PBXShellScriptBuildPhase section */

/* Begin PBXSourcesBuildPhase section */
		493261571E7A43350080795D /* Sources */ = {
			isa = PBXSourcesBuildPhase;
			buildActionMask = 2147483647;
			files = (
				49DAF5DD1E7D89BF007CCDEB /* LoginViewController.swift in Sources */,
				493261611E7A43350080795D /* WebViewController.swift in Sources */,
				49B328B11E7EC56F00DB2AE0 /* GitHubOAuth.swift in Sources */,
				4972F0171E7E203900139332 /* MainTabbarController.swift in Sources */,
				49B328B31E7EC70300DB2AE0 /* Constant.swift in Sources */,
				4932615F1E7A43350080795D /* AppDelegate.swift in Sources */,
				495807251E815147003DDB4C /* GCDBlackBox.swift in Sources */,
			);
			runOnlyForDeploymentPostprocessing = 0;
		};
/* End PBXSourcesBuildPhase section */

/* Begin PBXVariantGroup section */
		493261621E7A43350080795D /* Main.storyboard */ = {
			isa = PBXVariantGroup;
			children = (
				493261631E7A43350080795D /* Base */,
			);
			name = Main.storyboard;
			sourceTree = "<group>";
		};
		493261671E7A43350080795D /* LaunchScreen.storyboard */ = {
			isa = PBXVariantGroup;
			children = (
				493261681E7A43350080795D /* Base */,
			);
			name = LaunchScreen.storyboard;
			sourceTree = "<group>";
		};
/* End PBXVariantGroup section */

/* Begin XCBuildConfiguration section */
		4932616B1E7A43350080795D /* Debug */ = {
			isa = XCBuildConfiguration;
			buildSettings = {
				ALWAYS_SEARCH_USER_PATHS = NO;
				CLANG_ANALYZER_NONNULL = YES;
				CLANG_CXX_LANGUAGE_STANDARD = "gnu++0x";
				CLANG_CXX_LIBRARY = "libc++";
				CLANG_ENABLE_MODULES = YES;
				CLANG_ENABLE_OBJC_ARC = YES;
				CLANG_WARN_BOOL_CONVERSION = YES;
				CLANG_WARN_CONSTANT_CONVERSION = YES;
				CLANG_WARN_DIRECT_OBJC_ISA_USAGE = YES_ERROR;
				CLANG_WARN_DOCUMENTATION_COMMENTS = YES;
				CLANG_WARN_EMPTY_BODY = YES;
				CLANG_WARN_ENUM_CONVERSION = YES;
				CLANG_WARN_INFINITE_RECURSION = YES;
				CLANG_WARN_INT_CONVERSION = YES;
				CLANG_WARN_OBJC_ROOT_CLASS = YES_ERROR;
				CLANG_WARN_SUSPICIOUS_MOVE = YES;
				CLANG_WARN_UNREACHABLE_CODE = YES;
				CLANG_WARN__DUPLICATE_METHOD_MATCH = YES;
				"CODE_SIGN_IDENTITY[sdk=iphoneos*]" = "iPhone Developer";
				COPY_PHASE_STRIP = NO;
				DEBUG_INFORMATION_FORMAT = dwarf;
				ENABLE_STRICT_OBJC_MSGSEND = YES;
				ENABLE_TESTABILITY = YES;
				GCC_C_LANGUAGE_STANDARD = gnu99;
				GCC_DYNAMIC_NO_PIC = NO;
				GCC_NO_COMMON_BLOCKS = YES;
				GCC_OPTIMIZATION_LEVEL = 0;
				GCC_PREPROCESSOR_DEFINITIONS = (
					"DEBUG=1",
					"$(inherited)",
				);
				GCC_WARN_64_TO_32_BIT_CONVERSION = YES;
				GCC_WARN_ABOUT_RETURN_TYPE = YES_ERROR;
				GCC_WARN_UNDECLARED_SELECTOR = YES;
				GCC_WARN_UNINITIALIZED_AUTOS = YES_AGGRESSIVE;
				GCC_WARN_UNUSED_FUNCTION = YES;
				GCC_WARN_UNUSED_VARIABLE = YES;
				IPHONEOS_DEPLOYMENT_TARGET = 10.2;
				MTL_ENABLE_DEBUG_INFO = YES;
				ONLY_ACTIVE_ARCH = YES;
				SDKROOT = iphoneos;
				SWIFT_ACTIVE_COMPILATION_CONDITIONS = DEBUG;
				SWIFT_OPTIMIZATION_LEVEL = "-Onone";
				TARGETED_DEVICE_FAMILY = "1,2";
			};
			name = Debug;
		};
		4932616C1E7A43350080795D /* Release */ = {
			isa = XCBuildConfiguration;
			buildSettings = {
				ALWAYS_SEARCH_USER_PATHS = NO;
				CLANG_ANALYZER_NONNULL = YES;
				CLANG_CXX_LANGUAGE_STANDARD = "gnu++0x";
				CLANG_CXX_LIBRARY = "libc++";
				CLANG_ENABLE_MODULES = YES;
				CLANG_ENABLE_OBJC_ARC = YES;
				CLANG_WARN_BOOL_CONVERSION = YES;
				CLANG_WARN_CONSTANT_CONVERSION = YES;
				CLANG_WARN_DIRECT_OBJC_ISA_USAGE = YES_ERROR;
				CLANG_WARN_DOCUMENTATION_COMMENTS = YES;
				CLANG_WARN_EMPTY_BODY = YES;
				CLANG_WARN_ENUM_CONVERSION = YES;
				CLANG_WARN_INFINITE_RECURSION = YES;
				CLANG_WARN_INT_CONVERSION = YES;
				CLANG_WARN_OBJC_ROOT_CLASS = YES_ERROR;
				CLANG_WARN_SUSPICIOUS_MOVE = YES;
				CLANG_WARN_UNREACHABLE_CODE = YES;
				CLANG_WARN__DUPLICATE_METHOD_MATCH = YES;
				"CODE_SIGN_IDENTITY[sdk=iphoneos*]" = "iPhone Developer";
				COPY_PHASE_STRIP = NO;
				DEBUG_INFORMATION_FORMAT = "dwarf-with-dsym";
				ENABLE_NS_ASSERTIONS = NO;
				ENABLE_STRICT_OBJC_MSGSEND = YES;
				GCC_C_LANGUAGE_STANDARD = gnu99;
				GCC_NO_COMMON_BLOCKS = YES;
				GCC_WARN_64_TO_32_BIT_CONVERSION = YES;
				GCC_WARN_ABOUT_RETURN_TYPE = YES_ERROR;
				GCC_WARN_UNDECLARED_SELECTOR = YES;
				GCC_WARN_UNINITIALIZED_AUTOS = YES_AGGRESSIVE;
				GCC_WARN_UNUSED_FUNCTION = YES;
				GCC_WARN_UNUSED_VARIABLE = YES;
				IPHONEOS_DEPLOYMENT_TARGET = 10.2;
				MTL_ENABLE_DEBUG_INFO = NO;
				SDKROOT = iphoneos;
				SWIFT_OPTIMIZATION_LEVEL = "-Owholemodule";
				TARGETED_DEVICE_FAMILY = "1,2";
				VALIDATE_PRODUCT = YES;
			};
			name = Release;
		};
		4932616E1E7A43350080795D /* Debug */ = {
			isa = XCBuildConfiguration;
			baseConfigurationReference = 84EFE58A2AD4E1B3F6CBC690 /* Pods-CommitPic.debug.xcconfig */;
			buildSettings = {
				ASSETCATALOG_COMPILER_APPICON_NAME = AppIcon;
				DEVELOPMENT_TEAM = NZ7M7NUA6A;
				INFOPLIST_FILE = CommitPic/Info.plist;
				IPHONEOS_DEPLOYMENT_TARGET = 9.0;
				LD_RUNPATH_SEARCH_PATHS = "$(inherited) @executable_path/Frameworks";
				PRODUCT_BUNDLE_IDENTIFIER = superbderrick.tistory.com.CommitPic;
				PRODUCT_NAME = "$(TARGET_NAME)";
				SWIFT_VERSION = 3.0;
			};
			name = Debug;
		};
		4932616F1E7A43350080795D /* Release */ = {
			isa = XCBuildConfiguration;
			baseConfigurationReference = 7F49932489F8ED9620FE4A00 /* Pods-CommitPic.release.xcconfig */;
			buildSettings = {
				ASSETCATALOG_COMPILER_APPICON_NAME = AppIcon;
				DEVELOPMENT_TEAM = NZ7M7NUA6A;
				INFOPLIST_FILE = CommitPic/Info.plist;
				IPHONEOS_DEPLOYMENT_TARGET = 9.0;
				LD_RUNPATH_SEARCH_PATHS = "$(inherited) @executable_path/Frameworks";
				PRODUCT_BUNDLE_IDENTIFIER = superbderrick.tistory.com.CommitPic;
				PRODUCT_NAME = "$(TARGET_NAME)";
				SWIFT_VERSION = 3.0;
			};
			name = Release;
		};
/* End XCBuildConfiguration section */

/* Begin XCConfigurationList section */
		493261561E7A43350080795D /* Build configuration list for PBXProject "CommitPic" */ = {
			isa = XCConfigurationList;
			buildConfigurations = (
				4932616B1E7A43350080795D /* Debug */,
				4932616C1E7A43350080795D /* Release */,
			);
			defaultConfigurationIsVisible = 0;
			defaultConfigurationName = Release;
		};
		4932616D1E7A43350080795D /* Build configuration list for PBXNativeTarget "CommitPic" */ = {
			isa = XCConfigurationList;
			buildConfigurations = (
				4932616E1E7A43350080795D /* Debug */,
				4932616F1E7A43350080795D /* Release */,
			);
			defaultConfigurationIsVisible = 0;
			defaultConfigurationName = Release;
		};
/* End XCConfigurationList section */
	};
	rootObject = 493261531E7A43350080795D /* Project object */;
}
